
Microsoft Visual Studio Solution File, Format Version 12.00
# Visual Studio 15
Project("{FAE04EC0-301F-11D3-BF4B-00C04F79EFBC}") = "EMFTV", "EMFTV\EMFTV.csproj", "{5DDEE374-75F4-4FF6-B0CA-20433EE2BEF4}"
EndProject
Global
	GlobalSection(SolutionConfigurationPlatforms) = preSolution
		Debug|iPhoneSimulator = Debug|iPhoneSimulator
		Release|iPhone = Release|iPhone
		Release|iPhoneSimulator = Release|iPhoneSimulator
		Debug|iPhone = Debug|iPhone
	EndGlobalSection
	GlobalSection(ProjectConfigurationPlatforms) = postSolution
		{5DDEE374-75F4-4FF6-B0CA-20433EE2BEF4}.Debug|iPhoneSimulator.ActiveCfg = Debug|iPhoneSimulator
		{5DDEE374-75F4-4FF6-B0CA-20433EE2BEF4}.Debug|iPhoneSimulator.Build.0 = Debug|iPhoneSimulator
		{5DDEE374-75F4-4FF6-B0CA-20433EE2BEF4}.Release|iPhone.ActiveCfg = Release|iPhone
		{5DDEE374-75F4-4FF6-B0CA-20433EE2BEF4}.Release|iPhone.Build.0 = Release|iPhone
		{5DDEE374-75F4-4FF6-B0CA-20433EE2BEF4}.Release|iPhoneSimulator.ActiveCfg = Release|iPhoneSimulator
		{5DDEE374-75F4-4FF6-B0CA-20433EE2BEF4}.Release|iPhoneSimulator.Build.0 = Release|iPhoneSimulator
		{5DDEE374-75F4-4FF6-B0CA-20433EE2BEF4}.Debug|iPhone.ActiveCfg = Debug|iPhone
		{5DDEE374-75F4-4FF6-B0CA-20433EE2BEF4}.Debug|iPhone.Build.0 = Debug|iPhone
	EndGlobalSection
EndGlobal
